
Microsoft Visual Studio Solution File, Format Version 12.00
# Visual Studio Version 17
VisualStudioVersion = 17.10.35027.167
MinimumVisualStudioVersion = 10.0.40219.1
Project("{FAE04EC0-301F-11D3-BF4B-00C04F79EFBC}") = "Modeling6", "Modeling6.csproj", "{3089582F-6A97-4560-A5DC-CED5411DB715}"
EndProject
Global
	GlobalSection(SolutionConfigurationPlatforms) = preSolution
		Debug|Any CPU = Debug|Any CPU
		Release|Any CPU = Release|Any CPU
	EndGlobalSection
	GlobalSection(ProjectConfigurationPlatforms) = postSolution
		{3089582F-6A97-4560-A5DC-CED5411DB715}.Debug|Any CPU.ActiveCfg = Debug|Any CPU
		{3089582F-6A97-4560-A5DC-CED5411DB715}.Debug|Any CPU.Build.0 = Debug|Any CPU
		{3089582F-6A97-4560-A5DC-CED5411DB715}.Release|Any CPU.ActiveCfg = Release|Any CPU
		{3089582F-6A97-4560-A5DC-CED5411DB715}.Release|Any CPU.Build.0 = Release|Any CPU
	EndGlobalSection
	GlobalSection(SolutionProperties) = preSolution
		HideSolutionNode = FALSE
	EndGlobalSection
	GlobalSection(ExtensibilityGlobals) = postSolution
		SolutionGuid = {24F765EB-1F65-4279-B054-1955AA553CB2}
	EndGlobalSection
EndGlobal
